
Microsoft Visual Studio Solution File, Format Version 12.00
# Visual Studio 15
VisualStudioVersion = 15.0.26124.0
MinimumVisualStudioVersion = 15.0.26124.0
Project("{2150E333-8FDC-42A3-9474-1A3956D46DE8}") = "src", "src", "{983D9647-1827-42B2-B973-DB4119BFEC00}"
EndProject
Project("{F2A71F9B-5D33-465A-A702-920D77279786}") = "ParserCombinators", "src\ParserCombinators\ParserCombinators.fsproj", "{8A1BB6EC-683F-4CAA-9AA8-6E36AB5EA2B8}"
EndProject
Project("{F2A71F9B-5D33-465A-A702-920D77279786}") = "ParserTests", "src\ParserTests\ParserTests.fsproj", "{81E1EC60-4D75-4A51-9625-F39F2852B516}"
EndProject
Global
	GlobalSection(SolutionConfigurationPlatforms) = preSolution
		Debug|Any CPU = Debug|Any CPU
		Debug|x64 = Debug|x64
		Debug|x86 = Debug|x86
		Release|Any CPU = Release|Any CPU
		Release|x64 = Release|x64
		Release|x86 = Release|x86
	EndGlobalSection
	GlobalSection(SolutionProperties) = preSolution
		HideSolutionNode = FALSE
	EndGlobalSection
	GlobalSection(ProjectConfigurationPlatforms) = postSolution
		{8A1BB6EC-683F-4CAA-9AA8-6E36AB5EA2B8}.Debug|Any CPU.ActiveCfg = Debug|Any CPU
		{8A1BB6EC-683F-4CAA-9AA8-6E36AB5EA2B8}.Debug|Any CPU.Build.0 = Debug|Any CPU
		{8A1BB6EC-683F-4CAA-9AA8-6E36AB5EA2B8}.Debug|x64.ActiveCfg = Debug|Any CPU
		{8A1BB6EC-683F-4CAA-9AA8-6E36AB5EA2B8}.Debug|x64.Build.0 = Debug|Any CPU
		{8A1BB6EC-683F-4CAA-9AA8-6E36AB5EA2B8}.Debug|x86.ActiveCfg = Debug|Any CPU
		{8A1BB6EC-683F-4CAA-9AA8-6E36AB5EA2B8}.Debug|x86.Build.0 = Debug|Any CPU
		{8A1BB6EC-683F-4CAA-9AA8-6E36AB5EA2B8}.Release|Any CPU.ActiveCfg = Release|Any CPU
		{8A1BB6EC-683F-4CAA-9AA8-6E36AB5EA2B8}.Release|Any CPU.Build.0 = Release|Any CPU
		{8A1BB6EC-683F-4CAA-9AA8-6E36AB5EA2B8}.Release|x64.ActiveCfg = Release|Any CPU
		{8A1BB6EC-683F-4CAA-9AA8-6E36AB5EA2B8}.Release|x64.Build.0 = Release|Any CPU
		{8A1BB6EC-683F-4CAA-9AA8-6E36AB5EA2B8}.Release|x86.ActiveCfg = Release|Any CPU
		{8A1BB6EC-683F-4CAA-9AA8-6E36AB5EA2B8}.Release|x86.Build.0 = Release|Any CPU
		{81E1EC60-4D75-4A51-9625-F39F2852B516}.Debug|Any CPU.ActiveCfg = Debug|Any CPU
		{81E1EC60-4D75-4A51-9625-F39F2852B516}.Debug|Any CPU.Build.0 = Debug|Any CPU
		{81E1EC60-4D75-4A51-9625-F39F2852B516}.Debug|x64.ActiveCfg = Debug|Any CPU
		{81E1EC60-4D75-4A51-9625-F39F2852B516}.Debug|x64.Build.0 = Debug|Any CPU
		{81E1EC60-4D75-4A51-9625-F39F2852B516}.Debug|x86.ActiveCfg = Debug|Any CPU
		{81E1EC60-4D75-4A51-9625-F39F2852B516}.Debug|x86.Build.0 = Debug|Any CPU
		{81E1EC60-4D75-4A51-9625-F39F2852B516}.Release|Any CPU.ActiveCfg = Release|Any CPU
		{81E1EC60-4D75-4A51-9625-F39F2852B516}.Release|Any CPU.Build.0 = Release|Any CPU
		{81E1EC60-4D75-4A51-9625-F39F2852B516}.Release|x64.ActiveCfg = Release|Any CPU
		{81E1EC60-4D75-4A51-9625-F39F2852B516}.Release|x64.Build.0 = Release|Any CPU
		{81E1EC60-4D75-4A51-9625-F39F2852B516}.Release|x86.ActiveCfg = Release|Any CPU
		{81E1EC60-4D75-4A51-9625-F39F2852B516}.Release|x86.Build.0 = Release|Any CPU
	EndGlobalSection
	GlobalSection(NestedProjects) = preSolution
		{8A1BB6EC-683F-4CAA-9AA8-6E36AB5EA2B8} = {983D9647-1827-42B2-B973-DB4119BFEC00}
		{81E1EC60-4D75-4A51-9625-F39F2852B516} = {983D9647-1827-42B2-B973-DB4119BFEC00}
	EndGlobalSection
EndGlobal
